
Microsoft Visual Studio Solution File, Format Version 12.00
# Visual Studio Version 17
VisualStudioVersion = 17.10.34928.147
MinimumVisualStudioVersion = 10.0.40219.1
Project("{9A19103F-16F7-4668-BE54-9A1E7A4F7556}") = "AltifaPos", "AltifaPos.csproj", "{98F76FE1-FC71-442D-814D-5F7EE4317E0E}"
EndProject
Global
	GlobalSection(SolutionConfigurationPlatforms) = preSolution
		Debug|Any CPU = Debug|Any CPU
		Release|Any CPU = Release|Any CPU
	EndGlobalSection
	GlobalSection(ProjectConfigurationPlatforms) = postSolution
		{98F76FE1-FC71-442D-814D-5F7EE4317E0E}.Debug|Any CPU.ActiveCfg = Debug|Any CPU
		{98F76FE1-FC71-442D-814D-5F7EE4317E0E}.Debug|Any CPU.Build.0 = Debug|Any CPU
		{98F76FE1-FC71-442D-814D-5F7EE4317E0E}.Release|Any CPU.ActiveCfg = Release|Any CPU
		{98F76FE1-FC71-442D-814D-5F7EE4317E0E}.Release|Any CPU.Build.0 = Release|Any CPU
	EndGlobalSection
	GlobalSection(SolutionProperties) = preSolution
		HideSolutionNode = FALSE
	EndGlobalSection
	GlobalSection(ExtensibilityGlobals) = postSolution
		SolutionGuid = {24B92989-056F-4F61-8E76-913CD5F7D7E8}
	EndGlobalSection
EndGlobal
